{
  "version": "5",
  "specifiers": {
    "jsr:@deno/loader@~0.3.11": "0.3.14",
    "jsr:@hono/hono@^4.12.14": "4.12.14",
    "jsr:@hono/hono@^4.8.3": "4.12.14",
    "jsr:@hono/standard-validator@~0.2.2": "0.2.2",
    "jsr:@kuboon/tailwindcss-deno@0.1.3": "0.1.3",
    "jsr:@kuboon/tailwindcss-deno@~0.1.3": "0.1.3",
    "jsr:@negrel/http-ece@0.7.0": "0.7.0",
    "jsr:@negrel/webpush@0.5": "0.5.0",
    "jsr:@panva/jose@^6.2.3": "6.2.3",
    "jsr:@simplewebauthn/browser@^13.2.2": "13.3.0",
    "jsr:@simplewebauthn/server@^13.2.2": "13.3.0",
    "jsr:@standard-schema/spec@1": "1.1.0",
    "jsr:@std/assert@^1.0.19": "1.0.19",
    "jsr:@std/bytes@1": "1.0.6",
    "jsr:@std/encoding@1": "1.0.10",
    "jsr:@std/encoding@1.0.10": "1.0.10",
    "jsr:@std/encoding@^1.0.10": "1.0.10",
    "jsr:@std/fs@^1.0.21": "1.0.23",
    "jsr:@std/internal@^1.0.12": "1.0.12",
    "jsr:@std/media-types@^1.1.0": "1.1.0",
    "jsr:@std/path@^1.1.3": "1.1.4",
    "jsr:@std/path@^1.1.4": "1.1.4",
    "jsr:@std/ulid@*": "1.0.0",
    "jsr:@std/ulid@1": "1.0.0",
    "npm:@esbuild/linux-x64@0.25.11": "0.25.11",
    "npm:@hexagon/base64@2.0.4": "2.0.4",
    "npm:@hexagon/base64@^1.1.27": "1.1.28",
    "npm:@jridgewell/remapping@^2.3.5": "2.3.5",
    "npm:@levischuck/tiny-cbor@~0.2.2": "0.2.11",
    "npm:@peculiar/asn1-android@^2.6.0": "2.6.0",
    "npm:@peculiar/asn1-ecc@^2.6.1": "2.6.1",
    "npm:@peculiar/asn1-rsa@^2.6.1": "2.6.1",
    "npm:@peculiar/asn1-schema@^2.6.0": "2.6.0",
    "npm:@peculiar/asn1-x509@^2.6.1": "2.6.1",
    "npm:@peculiar/x509@^1.14.3": "1.14.3",
    "npm:@remix-run/cors-middleware@~0.1.2": "0.1.2",
    "npm:@remix-run/fetch-router@0.18.2": "0.18.2",
    "npm:@remix-run/html-template@0.3": "0.3.0",
    "npm:@remix-run/html-template@0.3.0": "0.3.0",
    "npm:@remix-run/logger-middleware@~0.2.1": "0.2.1",
    "npm:@remix-run/response@~0.3.3": "0.3.3",
    "npm:@remix-run/session@0.4.1": "0.4.1",
    "npm:@remix-run/session@~0.4.1": "0.4.1",
    "npm:@remix-run/static-middleware@~0.4.8": "0.4.8",
    "npm:@remix-run/ui@~0.1.1": "0.1.1",
    "npm:@tailwindcss/oxide@4.1.18": "4.1.18",
    "npm:@tailwindcss/oxide@^4.1.18": "4.1.18",
    "npm:@types/node@*": "24.2.0",
    "npm:arktype@^2.2.0": "2.2.0",
    "npm:daisyui@5.5.19": "5.5.19",
    "npm:daisyui@^5.5.19": "5.5.19",
    "npm:lightningcss@^1.31.1": "1.32.0",
    "npm:magic-string@~0.30.21": "0.30.21",
    "npm:source-map-js@^1.2.1": "1.2.1",
    "npm:tailwindcss@4.1.18": "4.1.18",
    "npm:tailwindcss@^4.1.18": "4.1.18"
  },
  "jsr": {
    "@deno/loader@0.3.14": {
      "integrity": "97bc63a6cc2d27a60bcdc953f588c5213331d866d44212eebb24cebfb9b011ca"
    },
    "@hono/hono@4.12.14": {
      "integrity": "4eedba4b53f27c8e0db683d515e11ec3b88b8fdc1748e229cd7988d243ca018d"
    },
    "@hono/standard-validator@0.2.2": {
      "integrity": "bc94e1ab41d677a571cb6dd5012823f1162b9856ca24dfd60233734824bb0b0c",
      "dependencies": [
        "jsr:@hono/hono@^4.8.3",
        "jsr:@standard-schema/spec"
      ]
    },
    "@kuboon/tailwindcss-deno@0.1.3": {
      "integrity": "a062de4b032ce6c4fd70bc88a55247937a12314d45b43d07ece5f757fffd986c",
      "dependencies": [
        "jsr:@deno/loader",
        "jsr:@std/encoding@^1.0.10",
        "jsr:@std/path@^1.1.4",
        "npm:@jridgewell/remapping",
        "npm:lightningcss",
        "npm:magic-string",
        "npm:source-map-js",
        "npm:tailwindcss@^4.1.18"
      ]
    },
    "@negrel/http-ece@0.7.0": {
      "integrity": "068e61ba6f52da5454051a283cc19621607f8dd6e74d55c01bb365b8c6644076",
      "dependencies": [
        "jsr:@std/bytes",
        "jsr:@std/encoding@1"
      ]
    },
    "@negrel/webpush@0.5.0": {
      "integrity": "919ed5bf4d676923667c5278093f36ffb2efe7fe2f155b6d32723ea3b73fa693",
      "dependencies": [
        "jsr:@negrel/http-ece",
        "jsr:@std/bytes",
        "jsr:@std/encoding@1"
      ]
    },
    "@panva/jose@6.2.3": {
      "integrity": "57cc772f01b2ac60f847a7e6ec815059762768186266ed833fb59953e9611312"
    },
    "@simplewebauthn/browser@13.3.0": {
      "integrity": "2e837b14c06346e815dafa89270360c07a41411f62fa1ff3e0535de18ec2c8a5"
    },
    "@simplewebauthn/server@13.3.0": {
      "integrity": "05673d6ba63ee4c8b0a0c6d417ebabb8ac20c75c323cdbab76eeea996a34d75b",
      "dependencies": [
        "npm:@hexagon/base64@^1.1.27",
        "npm:@levischuck/tiny-cbor",
        "npm:@peculiar/asn1-android",
        "npm:@peculiar/asn1-ecc",
        "npm:@peculiar/asn1-rsa",
        "npm:@peculiar/asn1-schema",
        "npm:@peculiar/asn1-x509",
        "npm:@peculiar/x509"
      ]
    },
    "@standard-schema/spec@1.1.0": {
      "integrity": "2ccd54513cd9c960bd155ab569b1a901bc99c6f9ad29559d3f38a28c91c1822d"
    },
    "@std/assert@1.0.19": {
      "integrity": "eaada96ee120cb980bc47e040f82814d786fe8162ecc53c91d8df60b8755991e",
      "dependencies": [
        "jsr:@std/internal"
      ]
    },
    "@std/bytes@1.0.6": {
      "integrity": "f6ac6adbd8ccd99314045f5703e23af0a68d7f7e58364b47d2c7f408aeb5820a"
    },
    "@std/encoding@1.0.10": {
      "integrity": "8783c6384a2d13abd5e9e87a7ae0520a30e9f56aeeaa3bdf910a3eaaf5c811a1"
    },
    "@std/fs@1.0.23": {
      "integrity": "3ecbae4ce4fee03b180fa710caff36bb5adb66631c46a6460aaad49515565a37",
      "dependencies": [
        "jsr:@std/internal",
        "jsr:@std/path@^1.1.4"
      ]
    },
    "@std/internal@1.0.12": {
      "integrity": "972a634fd5bc34b242024402972cd5143eac68d8dffaca5eaa4dba30ce17b027"
    },
    "@std/media-types@1.1.0": {
      "integrity": "c9d093f0c05c3512932b330e3cc1fe1d627b301db33a4c2c2185c02471d6eaa4"
    },
    "@std/path@1.1.4": {
      "integrity": "1d2d43f39efb1b42f0b1882a25486647cb851481862dc7313390b2bb044314b5",
      "dependencies": [
        "jsr:@std/internal"
      ]
    },
    "@std/ulid@1.0.0": {
      "integrity": "d41c3d27a907714413649fee864b7cde8d42ee68437d22b79d5de4f81d808780"
    }
  },
  "npm": {
    "@ark/schema@0.56.0": {
      "integrity": "sha512-ECg3hox/6Z/nLajxXqNhgPtNdHWC9zNsDyskwO28WinoFEnWow4IsERNz9AnXRhTZJnYIlAJ4uGn3nlLk65vZA==",
      "dependencies": [
        "@ark/util"
      ]
    },
    "@ark/util@0.56.0": {
      "integrity": "sha512-BghfRC8b9pNs3vBoDJhcta0/c1J1rsoS1+HgVUreMFPdhz/CRAKReAu57YEllNaSy98rWAdY1gE+gFup7OXpgA=="
    },
    "@esbuild/linux-x64@0.25.11": {
      "integrity": "sha512-HSFAT4+WYjIhrHxKBwGmOOSpphjYkcswF449j6EjsjbinTZbp8PJtjsVK1XFJStdzXdy/jaddAep2FGY+wyFAQ==",
      "os": ["linux"],
      "cpu": ["x64"]
    },
    "@hexagon/base64@1.1.28": {
      "integrity": "sha512-lhqDEAvWixy3bZ+UOYbPwUbBkwBq5C1LAJ/xPC8Oi+lL54oyakv/npbA0aU2hgCsx/1NUd4IBvV03+aUBWxerw=="
    },
    "@hexagon/base64@2.0.4": {
      "integrity": "sha512-H/ZY6rGyaEuk0mwQgZ3BVi9hMjFTYpBNFbmtOuec/pPibuGhCMXd8fGtwBaO0h44FkWMurysMsDrpkJsBRmoWQ=="
    },
    "@jridgewell/gen-mapping@0.3.13": {
      "integrity": "sha512-2kkt/7niJ6MgEPxF0bYdQ6etZaA+fQvDcLKckhy1yIQOzaoKjBBjSj63/aLVjYE3qhRt5dvM+uUyfCg6UKCBbA==",
      "dependencies": [
        "@jridgewell/sourcemap-codec",
        "@jridgewell/trace-mapping"
      ]
    },
    "@jridgewell/remapping@2.3.5": {
      "integrity": "sha512-LI9u/+laYG4Ds1TDKSJW2YPrIlcVYOwi2fUC6xB43lueCjgxV4lffOCZCtYFiH6TNOX+tQKXx97T4IKHbhyHEQ==",
      "dependencies": [
        "@jridgewell/gen-mapping",
        "@jridgewell/trace-mapping"
      ]
    },
    "@jridgewell/resolve-uri@3.1.2": {
      "integrity": "sha512-bRISgCIjP20/tbWSPWMEi54QVPRZExkuD9lJL+UIxUKtwVJA8wW1Trb1jMs1RFXo1CBTNZ/5hpC9QvmKWdopKw=="
    },
    "@jridgewell/sourcemap-codec@1.5.5": {
      "integrity": "sha512-cYQ9310grqxueWbl+WuIUIaiUaDcj7WOq5fVhEljNVgRfOUhY9fy2zTvfoqWsnebh8Sl70VScFbICvJnLKB0Og=="
    },
    "@jridgewell/trace-mapping@0.3.31": {
      "integrity": "sha512-zzNR+SdQSDJzc8joaeP8QQoCQr8NuYx2dIIytl1QeBEZHJ9uW6hebsrYgbz8hJwUQao3TWCMtmfV8Nu1twOLAw==",
      "dependencies": [
        "@jridgewell/resolve-uri",
        "@jridgewell/sourcemap-codec"
      ]
    },
    "@levischuck/tiny-cbor@0.2.11": {
      "integrity": "sha512-llBRm4dT4Z89aRsm6u2oEZ8tfwL/2l6BwpZ7JcyieouniDECM5AqNgr/y08zalEIvW3RSK4upYyybDcmjXqAow=="
    },
    "@peculiar/asn1-android@2.6.0": {
      "integrity": "sha512-cBRCKtYPF7vJGN76/yG8VbxRcHLPF3HnkoHhKOZeHpoVtbMYfY9ROKtH3DtYUY9m8uI1Mh47PRhHf2hSK3xcSQ==",
      "dependencies": [
        "@peculiar/asn1-schema",
        "asn1js",
        "tslib@2.8.1"
      ]
    },
    "@peculiar/asn1-cms@2.6.1": {
      "integrity": "sha512-vdG4fBF6Lkirkcl53q6eOdn3XYKt+kJTG59edgRZORlg/3atWWEReRCx5rYE1ZzTTX6vLK5zDMjHh7vbrcXGtw==",
      "dependencies": [
        "@peculiar/asn1-schema",
        "@peculiar/asn1-x509",
        "@peculiar/asn1-x509-attr",
        "asn1js",
        "tslib@2.8.1"
      ]
    },
    "@peculiar/asn1-csr@2.6.1": {
      "integrity": "sha512-WRWnKfIocHyzFYQTka8O/tXCiBquAPSrRjXbOkHbO4qdmS6loffCEGs+rby6WxxGdJCuunnhS2duHURhjyio6w==",
      "dependencies": [
        "@peculiar/asn1-schema",
        "@peculiar/asn1-x509",
        "asn1js",
        "tslib@2.8.1"
      ]
    },
    "@peculiar/asn1-ecc@2.6.1": {
      "integrity": "sha512-+Vqw8WFxrtDIN5ehUdvlN2m73exS2JVG0UAyfVB31gIfor3zWEAQPD+K9ydCxaj3MLen9k0JhKpu9LqviuCE1g==",
      "dependencies": [
        "@peculiar/asn1-schema",
        "@peculiar/asn1-x509",
        "asn1js",
        "tslib@2.8.1"
      ]
    },
    "@peculiar/asn1-pfx@2.6.1": {
      "integrity": "sha512-nB5jVQy3MAAWvq0KY0R2JUZG8bO/bTLpnwyOzXyEh/e54ynGTatAR+csOnXkkVD9AFZ2uL8Z7EV918+qB1qDvw==",
      "dependencies": [
        "@peculiar/asn1-cms",
        "@peculiar/asn1-pkcs8",
        "@peculiar/asn1-rsa",
        "@peculiar/asn1-schema",
        "asn1js",
        "tslib@2.8.1"
      ]
    },
    "@peculiar/asn1-pkcs8@2.6.1": {
      "integrity": "sha512-JB5iQ9Izn5yGMw3ZG4Nw3Xn/hb/G38GYF3lf7WmJb8JZUydhVGEjK/ZlFSWhnlB7K/4oqEs8HnfFIKklhR58Tw==",
      "dependencies": [
        "@peculiar/asn1-schema",
        "@peculiar/asn1-x509",
        "asn1js",
        "tslib@2.8.1"
      ]
    },
    "@peculiar/asn1-pkcs9@2.6.1": {
      "integrity": "sha512-5EV8nZoMSxeWmcxWmmcolg22ojZRgJg+Y9MX2fnE2bGRo5KQLqV5IL9kdSQDZxlHz95tHvIq9F//bvL1OeNILw==",
      "dependencies": [
        "@peculiar/asn1-cms",
        "@peculiar/asn1-pfx",
        "@peculiar/asn1-pkcs8",
        "@peculiar/asn1-schema",
        "@peculiar/asn1-x509",
        "@peculiar/asn1-x509-attr",
        "asn1js",
        "tslib@2.8.1"
      ]
    },
    "@peculiar/asn1-rsa@2.6.1": {
      "integrity": "sha512-1nVMEh46SElUt5CB3RUTV4EG/z7iYc7EoaDY5ECwganibQPkZ/Y2eMsTKB/LeyrUJ+W/tKoD9WUqIy8vB+CEdA==",
      "dependencies": [
        "@peculiar/asn1-schema",
        "@peculiar/asn1-x509",
        "asn1js",
        "tslib@2.8.1"
      ]
    },
    "@peculiar/asn1-schema@2.6.0": {
      "integrity": "sha512-xNLYLBFTBKkCzEZIw842BxytQQATQv+lDTCEMZ8C196iJcJJMBUZxrhSTxLaohMyKK8QlzRNTRkUmanucnDSqg==",
      "dependencies": [
        "asn1js",
        "pvtsutils",
        "tslib@2.8.1"
      ]
    },
    "@peculiar/asn1-x509-attr@2.6.1": {
      "integrity": "sha512-tlW6cxoHwgcQghnJwv3YS+9OO1737zgPogZ+CgWRUK4roEwIPzRH4JEiG770xe5HX2ATfCpmX60gurfWIF9dcQ==",
      "dependencies": [
        "@peculiar/asn1-schema",
        "@peculiar/asn1-x509",
        "asn1js",
        "tslib@2.8.1"
      ]
    },
    "@peculiar/asn1-x509@2.6.1": {
      "integrity": "sha512-O9jT5F1A2+t3r7C4VT7LYGXqkGLK7Kj1xFpz7U0isPrubwU5PbDoyYtx6MiGst29yq7pXN5vZbQFKRCP+lLZlA==",
      "dependencies": [
        "@peculiar/asn1-schema",
        "asn1js",
        "pvtsutils",
        "tslib@2.8.1"
      ]
    },
    "@peculiar/x509@1.14.3": {
      "integrity": "sha512-C2Xj8FZ0uHWeCXXqX5B4/gVFQmtSkiuOolzAgutjTfseNOHT3pUjljDZsTSxXFGgio54bCzVFqmEOUrIVk8RDA==",
      "dependencies": [
        "@peculiar/asn1-cms",
        "@peculiar/asn1-csr",
        "@peculiar/asn1-ecc",
        "@peculiar/asn1-pkcs9",
        "@peculiar/asn1-rsa",
        "@peculiar/asn1-schema",
        "@peculiar/asn1-x509",
        "pvtsutils",
        "reflect-metadata",
        "tslib@2.8.1",
        "tsyringe"
      ]
    },
    "@remix-run/cors-middleware@0.1.2": {
      "integrity": "sha512-+tyo+npF+6szzVorrApp0Ilx+UZUdHlSTu5HJG/Nh1zw/gavWEeMtBw9ZWEWz8EhZZ03vVYnTvlEUW5GRhW3TA==",
      "dependencies": [
        "@remix-run/fetch-router",
        "@remix-run/headers"
      ]
    },
    "@remix-run/fetch-router@0.18.2": {
      "integrity": "sha512-/yZkz81ZwzWcZR9od+PIOfwavsreC62TmRdSYESznThYYhVezLkvvRLvNh0v8hAaSOIzNkoLN/wc037m67mm4Q==",
      "dependencies": [
        "@remix-run/route-pattern"
      ]
    },
    "@remix-run/fs@0.4.3": {
      "integrity": "sha512-4fT/28oF8VR99eJRK6jFw1YQ3X3KlKBt6fhfS/jFMq4OMQ2KOTUfLwLOTVGY3/utf1Am9mX359WBKYxdsIGoJA==",
      "dependencies": [
        "@remix-run/lazy-file",
        "@remix-run/mime"
      ]
    },
    "@remix-run/headers@0.19.0": {
      "integrity": "sha512-+62NbkXuXm9r/NdG6KfH9OCKofCWm8VjkrVPICiHKtRl8Gf2Vi6eFTN4mGgBlZRhd5mmEVRV4hTIn/JUSHDAOw=="
    },
    "@remix-run/html-template@0.3.0": {
      "integrity": "sha512-aAMx68udtIk0fmCpCXHYscVeCDsRVEmEgh4XvtusPr3vkHu3jn4gx5oAxgsPXPdDmmD/d75SYyI0m/F+aLz5iQ=="
    },
    "@remix-run/lazy-file@5.0.3": {
      "integrity": "sha512-3NIp4xRaxAwcDtRSXKm6qYeGX/DjFGNY4FVm0tdvvW2TFyuFbzBoYDQxo4PyEiLtlqkEaqqHTZTIe2SD+Dau+w==",
      "dependencies": [
        "@remix-run/mime"
      ]
    },
    "@remix-run/logger-middleware@0.2.1": {
      "integrity": "sha512-V1suiosYzMhX6urHkmT4o4EgqCk7RpZjfovJ0vtTyHEYU8m66Wm9JrvqYjV0ws9wzyUjAVb8FGBqwq7HKRDWzQ==",
      "dependencies": [
        "@remix-run/fetch-router",
        "@remix-run/terminal"
      ]
    },
    "@remix-run/mime@0.4.1": {
      "integrity": "sha512-n0DUUwpHiDrtHCSw6YFbjeMjajj7STqwzK9PMJkQOHbvOarfPdQdRRMkRqYPBmhu6ABzb6sAdYRSrxPx50I5VQ=="
    },
    "@remix-run/response@0.3.3": {
      "integrity": "sha512-hgqYDk557dYjLJ0W5Oa6cj5jtNc/5HpAV+jCYlW8+PvoO0gkQzwOJihaFbePCuGW7jhOAFeD4L+SlvV1TxvWpQ==",
      "dependencies": [
        "@remix-run/headers",
        "@remix-run/html-template",
        "@remix-run/mime"
      ]
    },
    "@remix-run/route-pattern@0.20.1": {
      "integrity": "sha512-SSwyX3hX/xZck5UXy0bN4ubsnRJeuEKqHjz4Cc3so32FECexdNk0Y+pg2YZNu7FLGpjBn5dBUQCOtjIXQQudUw=="
    },
    "@remix-run/session@0.4.1": {
      "integrity": "sha512-Bm6aKYgutb/raHZ3laloz8g/Qu7f3CeK3o4gUVDMxtEiAdWCzJamwHoTpGOc5+g1Kuy7z85v4M6nGrF06MFDSg=="
    },
    "@remix-run/static-middleware@0.4.8": {
      "integrity": "sha512-dXU4MzxW/r+/btjittqXu7CeRU2IR0Z9G55pu241bh3i9fMOdtw2hhzVpUaNNfOPGsFCTq7KDIxo+dPKfTah0A==",
      "dependencies": [
        "@remix-run/fetch-router",
        "@remix-run/fs",
        "@remix-run/html-template",
        "@remix-run/mime",
        "@remix-run/response"
      ]
    },
    "@remix-run/terminal@0.1.0": {
      "integrity": "sha512-vxiiCm3yQTBeG4j9Lm4PVZElEdD7gBNm+Q2rqTGMlE4ImrWFoq7h2Jk1y3BMylNZYz0m3pzihQ5G2sbY1XtdLg=="
    },
    "@remix-run/ui@0.1.1": {
      "integrity": "sha512-yn5oL/uZ8izabJxjeKhVo9lBGhb+ZhOJHWk5Tu7YJL3RSxvP7BrO/ofrdWUcOXSsNxao3Lj+PF1lVmnTBf8nfQ==",
      "dependencies": [
        "@types/dom-navigation"
      ]
    },
    "@tailwindcss/oxide-android-arm64@4.1.18": {
      "integrity": "sha512-dJHz7+Ugr9U/diKJA0W6N/6/cjI+ZTAoxPf9Iz9BFRF2GzEX8IvXxFIi/dZBloVJX/MZGvRuFA9rqwdiIEZQ0Q==",
      "os": ["android"],
      "cpu": ["arm64"]
    },
    "@tailwindcss/oxide-darwin-arm64@4.1.18": {
      "integrity": "sha512-Gc2q4Qhs660bhjyBSKgq6BYvwDz4G+BuyJ5H1xfhmDR3D8HnHCmT/BSkvSL0vQLy/nkMLY20PQ2OoYMO15Jd0A==",
      "os": ["darwin"],
      "cpu": ["arm64"]
    },
    "@tailwindcss/oxide-darwin-x64@4.1.18": {
      "integrity": "sha512-FL5oxr2xQsFrc3X9o1fjHKBYBMD1QZNyc1Xzw/h5Qu4XnEBi3dZn96HcHm41c/euGV+GRiXFfh2hUCyKi/e+yw==",
      "os": ["darwin"],
      "cpu": ["x64"]
    },
    "@tailwindcss/oxide-freebsd-x64@4.1.18": {
      "integrity": "sha512-Fj+RHgu5bDodmV1dM9yAxlfJwkkWvLiRjbhuO2LEtwtlYlBgiAT4x/j5wQr1tC3SANAgD+0YcmWVrj8R9trVMA==",
      "os": ["freebsd"],
      "cpu": ["x64"]
    },
    "@tailwindcss/oxide-linux-arm-gnueabihf@4.1.18": {
      "integrity": "sha512-Fp+Wzk/Ws4dZn+LV2Nqx3IilnhH51YZoRaYHQsVq3RQvEl+71VGKFpkfHrLM/Li+kt5c0DJe/bHXK1eHgDmdiA==",
      "os": ["linux"],
      "cpu": ["arm"]
    },
    "@tailwindcss/oxide-linux-arm64-gnu@4.1.18": {
      "integrity": "sha512-S0n3jboLysNbh55Vrt7pk9wgpyTTPD0fdQeh7wQfMqLPM/Hrxi+dVsLsPrycQjGKEQk85Kgbx+6+QnYNiHalnw==",
      "os": ["linux"],
      "cpu": ["arm64"]
    },
    "@tailwindcss/oxide-linux-arm64-musl@4.1.18": {
      "integrity": "sha512-1px92582HkPQlaaCkdRcio71p8bc8i/ap5807tPRDK/uw953cauQBT8c5tVGkOwrHMfc2Yh6UuxaH4vtTjGvHg==",
      "os": ["linux"],
      "cpu": ["arm64"]
    },
    "@tailwindcss/oxide-linux-x64-gnu@4.1.18": {
      "integrity": "sha512-v3gyT0ivkfBLoZGF9LyHmts0Isc8jHZyVcbzio6Wpzifg/+5ZJpDiRiUhDLkcr7f/r38SWNe7ucxmGW3j3Kb/g==",
      "os": ["linux"],
      "cpu": ["x64"]
    },
    "@tailwindcss/oxide-linux-x64-musl@4.1.18": {
      "integrity": "sha512-bhJ2y2OQNlcRwwgOAGMY0xTFStt4/wyU6pvI6LSuZpRgKQwxTec0/3Scu91O8ir7qCR3AuepQKLU/kX99FouqQ==",
      "os": ["linux"],
      "cpu": ["x64"]
    },
    "@tailwindcss/oxide-wasm32-wasi@4.1.18": {
      "integrity": "sha512-LffYTvPjODiP6PT16oNeUQJzNVyJl1cjIebq/rWWBF+3eDst5JGEFSc5cWxyRCJ0Mxl+KyIkqRxk1XPEs9x8TA==",
      "cpu": ["wasm32"]
    },
    "@tailwindcss/oxide-win32-arm64-msvc@4.1.18": {
      "integrity": "sha512-HjSA7mr9HmC8fu6bdsZvZ+dhjyGCLdotjVOgLA2vEqxEBZaQo9YTX4kwgEvPCpRh8o4uWc4J/wEoFzhEmjvPbA==",
      "os": ["win32"],
      "cpu": ["arm64"]
    },
    "@tailwindcss/oxide-win32-x64-msvc@4.1.18": {
      "integrity": "sha512-bJWbyYpUlqamC8dpR7pfjA0I7vdF6t5VpUGMWRkXVE3AXgIZjYUYAK7II1GNaxR8J1SSrSrppRar8G++JekE3Q==",
      "os": ["win32"],
      "cpu": ["x64"]
    },
    "@tailwindcss/oxide@4.1.18": {
      "integrity": "sha512-EgCR5tTS5bUSKQgzeMClT6iCY3ToqE1y+ZB0AKldj809QXk1Y+3jB0upOYZrn9aGIzPtUsP7sX4QQ4XtjBB95A==",
      "optionalDependencies": [
        "@tailwindcss/oxide-android-arm64",
        "@tailwindcss/oxide-darwin-arm64",
        "@tailwindcss/oxide-darwin-x64",
        "@tailwindcss/oxide-freebsd-x64",
        "@tailwindcss/oxide-linux-arm-gnueabihf",
        "@tailwindcss/oxide-linux-arm64-gnu",
        "@tailwindcss/oxide-linux-arm64-musl",
        "@tailwindcss/oxide-linux-x64-gnu",
        "@tailwindcss/oxide-linux-x64-musl",
        "@tailwindcss/oxide-wasm32-wasi",
        "@tailwindcss/oxide-win32-arm64-msvc",
        "@tailwindcss/oxide-win32-x64-msvc"
      ]
    },
    "@types/dom-navigation@1.0.7": {
      "integrity": "sha512-Di4W+i2faYquHUnyWUg3bBQp5pTNvjDDA7mIYfD/1WlLgan6sKkeVjGbdL78K0CuNEk5Pfc/c0rfelwkz10mnQ=="
    },
    "@types/node@24.2.0": {
      "integrity": "sha512-3xyG3pMCq3oYCNg7/ZP+E1ooTaGB4cG8JWRsqqOYQdbWNY4zbaV0Ennrd7stjiJEFZCaybcIgpTjJWHRfBSIDw==",
      "dependencies": [
        "undici-types"
      ]
    },
    "arkregex@0.0.5": {
      "integrity": "sha512-ncYjBdLlh5/QnVsAA8De16Tc9EqmYM7y/WU9j+236KcyYNUXogpz3sC4ATIZYzzLxwI+0sEOaQLEmLmRleaEXw==",
      "dependencies": [
        "@ark/util"
      ]
    },
    "arktype@2.2.0": {
      "integrity": "sha512-t54MZ7ti5BhOEvzEkgKnWvqj+UbDfWig+DHr5I34xatymPusKLS0lQpNJd8M6DzmIto2QGszHfNKoFIT8tMCZQ==",
      "dependencies": [
        "@ark/schema",
        "@ark/util",
        "arkregex"
      ]
    },
    "asn1js@3.0.7": {
      "integrity": "sha512-uLvq6KJu04qoQM6gvBfKFjlh6Gl0vOKQuR5cJMDHQkmwfMOQeN3F3SHCv9SNYSL+CRoHvOGFfllDlVz03GQjvQ==",
      "dependencies": [
        "pvtsutils",
        "pvutils",
        "tslib@2.8.1"
      ]
    },
    "daisyui@5.5.19": {
      "integrity": "sha512-pbFAkl1VCEh/MPCeclKL61I/MqRIFFhNU7yiXoDDRapXN4/qNCoMxeCCswyxEEhqL5eiTTfwHvucFtOE71C9sA=="
    },
    "detect-libc@2.1.2": {
      "integrity": "sha512-Btj2BOOO83o3WyH59e8MgXsxEQVcarkUOpEYrubB0urwnN10yQ364rsiByU11nZlqWYZm05i/of7io4mzihBtQ=="
    },
    "lightningcss-android-arm64@1.32.0": {
      "integrity": "sha512-YK7/ClTt4kAK0vo6w3X+Pnm0D2cf2vPHbhOXdoNti1Ga0al1P4TBZhwjATvjNwLEBCnKvjJc2jQgHXH0NEwlAg==",
      "os": ["android"],
      "cpu": ["arm64"]
    },
    "lightningcss-darwin-arm64@1.32.0": {
      "integrity": "sha512-RzeG9Ju5bag2Bv1/lwlVJvBE3q6TtXskdZLLCyfg5pt+HLz9BqlICO7LZM7VHNTTn/5PRhHFBSjk5lc4cmscPQ==",
      "os": ["darwin"],
      "cpu": ["arm64"]
    },
    "lightningcss-darwin-x64@1.32.0": {
      "integrity": "sha512-U+QsBp2m/s2wqpUYT/6wnlagdZbtZdndSmut/NJqlCcMLTWp5muCrID+K5UJ6jqD2BFshejCYXniPDbNh73V8w==",
      "os": ["darwin"],
      "cpu": ["x64"]
    },
    "lightningcss-freebsd-x64@1.32.0": {
      "integrity": "sha512-JCTigedEksZk3tHTTthnMdVfGf61Fky8Ji2E4YjUTEQX14xiy/lTzXnu1vwiZe3bYe0q+SpsSH/CTeDXK6WHig==",
      "os": ["freebsd"],
      "cpu": ["x64"]
    },
    "lightningcss-linux-arm-gnueabihf@1.32.0": {
      "integrity": "sha512-x6rnnpRa2GL0zQOkt6rts3YDPzduLpWvwAF6EMhXFVZXD4tPrBkEFqzGowzCsIWsPjqSK+tyNEODUBXeeVHSkw==",
      "os": ["linux"],
      "cpu": ["arm"]
    },
    "lightningcss-linux-arm64-gnu@1.32.0": {
      "integrity": "sha512-0nnMyoyOLRJXfbMOilaSRcLH3Jw5z9HDNGfT/gwCPgaDjnx0i8w7vBzFLFR1f6CMLKF8gVbebmkUN3fa/kQJpQ==",
      "os": ["linux"],
      "cpu": ["arm64"]
    },
    "lightningcss-linux-arm64-musl@1.32.0": {
      "integrity": "sha512-UpQkoenr4UJEzgVIYpI80lDFvRmPVg6oqboNHfoH4CQIfNA+HOrZ7Mo7KZP02dC6LjghPQJeBsvXhJod/wnIBg==",
      "os": ["linux"],
      "cpu": ["arm64"]
    },
    "lightningcss-linux-x64-gnu@1.32.0": {
      "integrity": "sha512-V7Qr52IhZmdKPVr+Vtw8o+WLsQJYCTd8loIfpDaMRWGUZfBOYEJeyJIkqGIDMZPwPx24pUMfwSxxI8phr/MbOA==",
      "os": ["linux"],
      "cpu": ["x64"]
    },
    "lightningcss-linux-x64-musl@1.32.0": {
      "integrity": "sha512-bYcLp+Vb0awsiXg/80uCRezCYHNg1/l3mt0gzHnWV9XP1W5sKa5/TCdGWaR/zBM2PeF/HbsQv/j2URNOiVuxWg==",
      "os": ["linux"],
      "cpu": ["x64"]
    },
    "lightningcss-win32-arm64-msvc@1.32.0": {
      "integrity": "sha512-8SbC8BR40pS6baCM8sbtYDSwEVQd4JlFTOlaD3gWGHfThTcABnNDBda6eTZeqbofalIJhFx0qKzgHJmcPTnGdw==",
      "os": ["win32"],
      "cpu": ["arm64"]
    },
    "lightningcss-win32-x64-msvc@1.32.0": {
      "integrity": "sha512-Amq9B/SoZYdDi1kFrojnoqPLxYhQ4Wo5XiL8EVJrVsB8ARoC1PWW6VGtT0WKCemjy8aC+louJnjS7U18x3b06Q==",
      "os": ["win32"],
      "cpu": ["x64"]
    },
    "lightningcss@1.32.0": {
      "integrity": "sha512-NXYBzinNrblfraPGyrbPoD19C1h9lfI/1mzgWYvXUTe414Gz/X1FD2XBZSZM7rRTrMA8JL3OtAaGifrIKhQ5yQ==",
      "dependencies": [
        "detect-libc"
      ],
      "optionalDependencies": [
        "lightningcss-android-arm64",
        "lightningcss-darwin-arm64",
        "lightningcss-darwin-x64",
        "lightningcss-freebsd-x64",
        "lightningcss-linux-arm-gnueabihf",
        "lightningcss-linux-arm64-gnu",
        "lightningcss-linux-arm64-musl",
        "lightningcss-linux-x64-gnu",
        "lightningcss-linux-x64-musl",
        "lightningcss-win32-arm64-msvc",
        "lightningcss-win32-x64-msvc"
      ]
    },
    "magic-string@0.30.21": {
      "integrity": "sha512-vd2F4YUyEXKGcLHoq+TEyCjxueSeHnFxyyjNp80yg0XV4vUhnDer/lvvlqM/arB5bXQN5K2/3oinyCRyx8T2CQ==",
      "dependencies": [
        "@jridgewell/sourcemap-codec"
      ]
    },
    "pvtsutils@1.3.6": {
      "integrity": "sha512-PLgQXQ6H2FWCaeRak8vvk1GW462lMxB5s3Jm673N82zI4vqtVUPuZdffdZbPDFRoU8kAhItWFtPCWiPpp4/EDg==",
      "dependencies": [
        "tslib@2.8.1"
      ]
    },
    "pvutils@1.1.5": {
      "integrity": "sha512-KTqnxsgGiQ6ZAzZCVlJH5eOjSnvlyEgx1m8bkRJfOhmGRqfo5KLvmAlACQkrjEtOQ4B7wF9TdSLIs9O90MX9xA=="
    },
    "reflect-metadata@0.2.2": {
      "integrity": "sha512-urBwgfrvVP/eAyXx4hluJivBKzuEbSQs9rKWCrCkbSxNv8mxPcUZKeuoF3Uy4mJl3Lwprp6yy5/39VWigZ4K6Q=="
    },
    "source-map-js@1.2.1": {
      "integrity": "sha512-UXWMKhLOwVKb728IUtQPXxfYU+usdybtUrK/8uGE8CQMvrhOpwvzDBwj0QhSL7MQc7vIsISBG8VQ8+IDQxpfQA=="
    },
    "tailwindcss@4.1.18": {
      "integrity": "sha512-4+Z+0yiYyEtUVCScyfHCxOYP06L5Ne+JiHhY2IjR2KWMIWhJOYZKLSGZaP5HkZ8+bY0cxfzwDE5uOmzFXyIwxw=="
    },
    "tslib@1.14.1": {
      "integrity": "sha512-Xni35NKzjgMrwevysHTCArtLDpPvye8zV/0E4EyYn43P7/7qvQwPh9BGkHewbMulVntbigmcT7rdX3BNo9wRJg=="
    },
    "tslib@2.8.1": {
      "integrity": "sha512-oJFu94HQb+KVduSUQL7wnpmqnfmLsOA/nAh6b6EH0wCEoK0/mPeXU6c3wKDV83MkOuHPRHtSXKKU99IBazS/2w=="
    },
    "tsyringe@4.10.0": {
      "integrity": "sha512-axr3IdNuVIxnaK5XGEUFTu3YmAQ6lllgrvqfEoR16g/HGnYY/6We4oWENtAnzK6/LpJ2ur9PAb80RBt7/U4ugw==",
      "dependencies": [
        "tslib@1.14.1"
      ]
    },
    "undici-types@7.10.0": {
      "integrity": "sha512-t5Fy/nfn+14LuOc2KNYg75vZqClpAiqscVvMygNnlsHBFpSXdJaYtXMcdNLpl/Qvc3P2cB3s6lOV51nqsFq4ag=="
    }
  },
  "workspace": {
    "dependencies": [
      "jsr:@std/assert@^1.0.19",
      "jsr:@std/ulid@1",
      "npm:@hexagon/base64@2.0.4",
      "npm:@remix-run/cors-middleware@~0.1.2",
      "npm:@remix-run/fetch-router@0.18.2",
      "npm:@remix-run/html-template@0.3",
      "npm:@remix-run/logger-middleware@~0.2.1",
      "npm:@remix-run/response@~0.3.3",
      "npm:@remix-run/session@~0.4.1",
      "npm:@remix-run/static-middleware@~0.4.8",
      "npm:@remix-run/ui@~0.1.1",
      "npm:arktype@^2.2.0",
      "npm:daisyui@^5.5.19",
      "npm:tailwindcss@^4.1.18"
    ],
    "members": {
      "dpop": {
        "dependencies": [
          "jsr:@std/encoding@1.0.10"
        ]
      },
      "dpop-session-middleware": {
        "dependencies": [
          "npm:@remix-run/fetch-router@0.18.2",
          "npm:@remix-run/session@~0.4.1"
        ]
      },
      "kv": {
        "dependencies": [
          "jsr:@std/ulid@1"
        ]
      },
      "main/bundler": {
        "dependencies": [
          "jsr:@kuboon/tailwindcss-deno@~0.1.3",
          "jsr:@std/fs@^1.0.21",
          "npm:@tailwindcss/oxide@^4.1.18"
        ]
      },
      "main/client": {
        "dependencies": [
          "jsr:@kuboon/dpop@~0.1.2",
          "npm:@remix-run/ui@~0.1.1"
        ]
      },
      "main/server": {
        "dependencies": [
          "jsr:@negrel/webpush@0.5",
          "jsr:@panva/jose@^6.2.3",
          "jsr:@std/encoding@^1.0.10",
          "jsr:@std/media-types@^1.1.0"
        ]
      },
      "passkeys": {
        "dependencies": [
          "jsr:@hono/hono@^4.12.14",
          "jsr:@hono/standard-validator@~0.2.2",
          "jsr:@simplewebauthn/browser@^13.2.2",
          "jsr:@simplewebauthn/server@^13.2.2",
          "jsr:@std/path@^1.1.3"
        ]
      },
      "session-storage-kv": {
        "dependencies": [
          "npm:@remix-run/session@~0.4.1"
        ]
      }
    }
  }
}
